
Microsoft Visual Studio Solution File, Format Version 12.00
# Visual Studio 15
VisualStudioVersion = 15.0.28010.2048
MinimumVisualStudioVersion = 10.0.40219.1
Project("{2150E333-8FDC-42A3-9474-1A3956D46DE8}") = "hosts", "hosts", "{7C186FD7-D48A-454B-9119-1DD779802D22}"
EndProject
Project("{9A19103F-16F7-4668-BE54-9A1E7A4F7556}") = "EfCoreInfrastructures", "libs\EfCoreInfrastructures\EfCoreInfrastructures.csproj", "{4007947E-4A27-488F-B9BA-7056BCADD090}"
EndProject
Project("{2150E333-8FDC-42A3-9474-1A3956D46DE8}") = "libs", "libs", "{2A46DD7D-8B23-479B-8629-36C5B05D99C9}"
EndProject
Project("{2150E333-8FDC-42A3-9474-1A3956D46DE8}") = "modules", "modules", "{ACA5434B-6120-4411-8EC6-AA8E80CB5974}"
EndProject
Project("{9A19103F-16F7-4668-BE54-9A1E7A4F7556}") = "RCommerce.Module.Authentication", "modules\RCommerce.Module.Authentication\RCommerce.Module.Authentication.csproj", "{0E4E3F99-BE9F-41FF-BA63-FF860DEF230A}"
EndProject
Project("{9A19103F-16F7-4668-BE54-9A1E7A4F7556}") = "RCommerce.AppHost", "hosts\RCommerce.AppHost\RCommerce.AppHost.csproj", "{0AA7D137-501D-4A0E-A130-B9244ACFEDD5}"
EndProject
Project("{9A19103F-16F7-4668-BE54-9A1E7A4F7556}") = "RCommerce.Module.Core", "modules\RCommerce.Module.Core\RCommerce.Module.Core.csproj", "{C5D92554-7671-4596-A26C-238C6195759D}"
EndProject
Project("{9A19103F-16F7-4668-BE54-9A1E7A4F7556}") = "RCommerce.BuildManager", "libs\RCommerce.BuildManager\RCommerce.BuildManager.csproj", "{A7833A66-135D-4F1E-9839-160FE2D2D729}"
EndProject
Project("{FAE04EC0-301F-11D3-BF4B-00C04F79EFBC}") = "RCommerce.Module.Products", "modules\RCommerce.Module.Products\RCommerce.Module.Products.csproj", "{45738927-207E-4239-8F91-97637611C28F}"
EndProject
Global
	GlobalSection(SolutionConfigurationPlatforms) = preSolution
		Debug|Any CPU = Debug|Any CPU
		Release|Any CPU = Release|Any CPU
	EndGlobalSection
	GlobalSection(ProjectConfigurationPlatforms) = postSolution
		{4007947E-4A27-488F-B9BA-7056BCADD090}.Debug|Any CPU.ActiveCfg = Debug|Any CPU
		{4007947E-4A27-488F-B9BA-7056BCADD090}.Debug|Any CPU.Build.0 = Debug|Any CPU
		{4007947E-4A27-488F-B9BA-7056BCADD090}.Release|Any CPU.ActiveCfg = Release|Any CPU
		{4007947E-4A27-488F-B9BA-7056BCADD090}.Release|Any CPU.Build.0 = Release|Any CPU
		{0E4E3F99-BE9F-41FF-BA63-FF860DEF230A}.Debug|Any CPU.ActiveCfg = Debug|Any CPU
		{0E4E3F99-BE9F-41FF-BA63-FF860DEF230A}.Debug|Any CPU.Build.0 = Debug|Any CPU
		{0E4E3F99-BE9F-41FF-BA63-FF860DEF230A}.Release|Any CPU.ActiveCfg = Release|Any CPU
		{0E4E3F99-BE9F-41FF-BA63-FF860DEF230A}.Release|Any CPU.Build.0 = Release|Any CPU
		{0AA7D137-501D-4A0E-A130-B9244ACFEDD5}.Debug|Any CPU.ActiveCfg = Debug|Any CPU
		{0AA7D137-501D-4A0E-A130-B9244ACFEDD5}.Debug|Any CPU.Build.0 = Debug|Any CPU
		{0AA7D137-501D-4A0E-A130-B9244ACFEDD5}.Release|Any CPU.ActiveCfg = Release|Any CPU
		{0AA7D137-501D-4A0E-A130-B9244ACFEDD5}.Release|Any CPU.Build.0 = Release|Any CPU
		{C5D92554-7671-4596-A26C-238C6195759D}.Debug|Any CPU.ActiveCfg = Debug|Any CPU
		{C5D92554-7671-4596-A26C-238C6195759D}.Debug|Any CPU.Build.0 = Debug|Any CPU
		{C5D92554-7671-4596-A26C-238C6195759D}.Release|Any CPU.ActiveCfg = Release|Any CPU
		{C5D92554-7671-4596-A26C-238C6195759D}.Release|Any CPU.Build.0 = Release|Any CPU
		{A7833A66-135D-4F1E-9839-160FE2D2D729}.Debug|Any CPU.ActiveCfg = Debug|Any CPU
		{A7833A66-135D-4F1E-9839-160FE2D2D729}.Debug|Any CPU.Build.0 = Debug|Any CPU
		{A7833A66-135D-4F1E-9839-160FE2D2D729}.Release|Any CPU.ActiveCfg = Release|Any CPU
		{A7833A66-135D-4F1E-9839-160FE2D2D729}.Release|Any CPU.Build.0 = Release|Any CPU
		{45738927-207E-4239-8F91-97637611C28F}.Debug|Any CPU.ActiveCfg = Debug|Any CPU
		{45738927-207E-4239-8F91-97637611C28F}.Debug|Any CPU.Build.0 = Debug|Any CPU
		{45738927-207E-4239-8F91-97637611C28F}.Release|Any CPU.ActiveCfg = Release|Any CPU
		{45738927-207E-4239-8F91-97637611C28F}.Release|Any CPU.Build.0 = Release|Any CPU
	EndGlobalSection
	GlobalSection(SolutionProperties) = preSolution
		HideSolutionNode = FALSE
	EndGlobalSection
	GlobalSection(NestedProjects) = preSolution
		{4007947E-4A27-488F-B9BA-7056BCADD090} = {2A46DD7D-8B23-479B-8629-36C5B05D99C9}
		{0E4E3F99-BE9F-41FF-BA63-FF860DEF230A} = {ACA5434B-6120-4411-8EC6-AA8E80CB5974}
		{0AA7D137-501D-4A0E-A130-B9244ACFEDD5} = {7C186FD7-D48A-454B-9119-1DD779802D22}
		{C5D92554-7671-4596-A26C-238C6195759D} = {ACA5434B-6120-4411-8EC6-AA8E80CB5974}
		{A7833A66-135D-4F1E-9839-160FE2D2D729} = {2A46DD7D-8B23-479B-8629-36C5B05D99C9}
		{45738927-207E-4239-8F91-97637611C28F} = {ACA5434B-6120-4411-8EC6-AA8E80CB5974}
	EndGlobalSection
	GlobalSection(ExtensibilityGlobals) = postSolution
		SolutionGuid = {C0339E31-C05E-40B3-842F-698BD8056728}
	EndGlobalSection
EndGlobal
