
Microsoft Visual Studio Solution File, Format Version 12.00
# Visual Studio 15
VisualStudioVersion = 15.0.28010.2048
MinimumVisualStudioVersion = 10.0.40219.1
Project("{2150E333-8FDC-42A3-9474-1A3956D46DE8}") = "hosts", "hosts", "{7C186FD7-D48A-454B-9119-1DD779802D22}"
EndProject
Project("{2150E333-8FDC-42A3-9474-1A3956D46DE8}") = "libs", "libs", "{2A46DD7D-8B23-479B-8629-36C5B05D99C9}"
EndProject
Project("{2150E333-8FDC-42A3-9474-1A3956D46DE8}") = "modules", "modules", "{ACA5434B-6120-4411-8EC6-AA8E80CB5974}"
EndProject
Project("{9A19103F-16F7-4668-BE54-9A1E7A4F7556}") = "RCommerce.AppHost", "hosts\RCommerce.AppHost\RCommerce.AppHost.csproj", "{0AA7D137-501D-4A0E-A130-B9244ACFEDD5}"
EndProject
Project("{9A19103F-16F7-4668-BE54-9A1E7A4F7556}") = "RCommerce.Module.Core", "modules\RCommerce.Module.Core\RCommerce.Module.Core.csproj", "{C5D92554-7671-4596-A26C-238C6195759D}"
EndProject
Project("{9A19103F-16F7-4668-BE54-9A1E7A4F7556}") = "RCommerce.BuildManager", "libs\RCommerce.BuildManager\RCommerce.BuildManager.csproj", "{A7833A66-135D-4F1E-9839-160FE2D2D729}"
EndProject
Project("{9A19103F-16F7-4668-BE54-9A1E7A4F7556}") = "RCommerce.Module.Products", "modules\RCommerce.Module.Products\RCommerce.Module.Products.csproj", "{45738927-207E-4239-8F91-97637611C28F}"
EndProject
Project("{9A19103F-16F7-4668-BE54-9A1E7A4F7556}") = "RCommerce.Module.Authentication", "modules\RCommerce.Module.Authentication\RCommerce.Module.Authentication.csproj", "{EDC9D2EE-F4FC-4925-9A86-C94BB7DD739A}"
EndProject
Project("{9A19103F-16F7-4668-BE54-9A1E7A4F7556}") = "Infrastructures.RepositoryEntities", "libs\Infrastructures.RepositoryEntities\Infrastructures.RepositoryEntities.csproj", "{012FE2E5-848B-4E2B-9925-CEDD60F0A6B6}"
EndProject
Project("{9A19103F-16F7-4668-BE54-9A1E7A4F7556}") = "RCommerce.Module.Customers", "modules\RCommerce.Module.Customers\RCommerce.Module.Customers.csproj", "{BBF2D00B-FB7E-4BE1-891D-CCBD8EA7E2CE}"
EndProject
Project("{2150E333-8FDC-42A3-9474-1A3956D46DE8}") = "tools", "tools", "{299F1802-70E2-4ECB-A4E4-C543707A4833}"
EndProject
Project("{9A19103F-16F7-4668-BE54-9A1E7A4F7556}") = "RCommerce.Tools.CopyModules", "tools\RCommerce.Tools.CopyModules\RCommerce.Tools.CopyModules.csproj", "{B2ADE848-5995-4C2E-94BC-1B24BDF1148A}"
EndProject
Project("{9A19103F-16F7-4668-BE54-9A1E7A4F7556}") = "RCommerce.Tools.GenerateRoutingModules", "tools\RCommerce.Tools.GenerateRoutingModules\RCommerce.Tools.GenerateRoutingModules.csproj", "{1EB4E045-7DB8-4AAE-BCDC-882B7D384745}"
EndProject
Project("{FAE04EC0-301F-11D3-BF4B-00C04F79EFBC}") = "RCommerce.Tools.CopyTemplate", "tools\RCommerce.Tools.CopyTemplate\RCommerce.Tools.CopyTemplate.csproj", "{48222EFF-F8A3-44A3-9629-1B3EF2A2F909}"
EndProject
Global
	GlobalSection(SolutionConfigurationPlatforms) = preSolution
		Debug|Any CPU = Debug|Any CPU
		Release|Any CPU = Release|Any CPU
	EndGlobalSection
	GlobalSection(ProjectConfigurationPlatforms) = postSolution
		{0AA7D137-501D-4A0E-A130-B9244ACFEDD5}.Debug|Any CPU.ActiveCfg = Debug|Any CPU
		{0AA7D137-501D-4A0E-A130-B9244ACFEDD5}.Debug|Any CPU.Build.0 = Debug|Any CPU
		{0AA7D137-501D-4A0E-A130-B9244ACFEDD5}.Release|Any CPU.ActiveCfg = Release|Any CPU
		{0AA7D137-501D-4A0E-A130-B9244ACFEDD5}.Release|Any CPU.Build.0 = Release|Any CPU
		{C5D92554-7671-4596-A26C-238C6195759D}.Debug|Any CPU.ActiveCfg = Debug|Any CPU
		{C5D92554-7671-4596-A26C-238C6195759D}.Debug|Any CPU.Build.0 = Debug|Any CPU
		{C5D92554-7671-4596-A26C-238C6195759D}.Release|Any CPU.ActiveCfg = Release|Any CPU
		{C5D92554-7671-4596-A26C-238C6195759D}.Release|Any CPU.Build.0 = Release|Any CPU
		{A7833A66-135D-4F1E-9839-160FE2D2D729}.Debug|Any CPU.ActiveCfg = Debug|Any CPU
		{A7833A66-135D-4F1E-9839-160FE2D2D729}.Debug|Any CPU.Build.0 = Debug|Any CPU
		{A7833A66-135D-4F1E-9839-160FE2D2D729}.Release|Any CPU.ActiveCfg = Release|Any CPU
		{A7833A66-135D-4F1E-9839-160FE2D2D729}.Release|Any CPU.Build.0 = Release|Any CPU
		{45738927-207E-4239-8F91-97637611C28F}.Debug|Any CPU.ActiveCfg = Debug|Any CPU
		{45738927-207E-4239-8F91-97637611C28F}.Debug|Any CPU.Build.0 = Debug|Any CPU
		{45738927-207E-4239-8F91-97637611C28F}.Release|Any CPU.ActiveCfg = Release|Any CPU
		{45738927-207E-4239-8F91-97637611C28F}.Release|Any CPU.Build.0 = Release|Any CPU
		{EDC9D2EE-F4FC-4925-9A86-C94BB7DD739A}.Debug|Any CPU.ActiveCfg = Debug|Any CPU
		{EDC9D2EE-F4FC-4925-9A86-C94BB7DD739A}.Debug|Any CPU.Build.0 = Debug|Any CPU
		{EDC9D2EE-F4FC-4925-9A86-C94BB7DD739A}.Release|Any CPU.ActiveCfg = Release|Any CPU
		{EDC9D2EE-F4FC-4925-9A86-C94BB7DD739A}.Release|Any CPU.Build.0 = Release|Any CPU
		{012FE2E5-848B-4E2B-9925-CEDD60F0A6B6}.Debug|Any CPU.ActiveCfg = Debug|Any CPU
		{012FE2E5-848B-4E2B-9925-CEDD60F0A6B6}.Debug|Any CPU.Build.0 = Debug|Any CPU
		{012FE2E5-848B-4E2B-9925-CEDD60F0A6B6}.Release|Any CPU.ActiveCfg = Release|Any CPU
		{012FE2E5-848B-4E2B-9925-CEDD60F0A6B6}.Release|Any CPU.Build.0 = Release|Any CPU
		{BBF2D00B-FB7E-4BE1-891D-CCBD8EA7E2CE}.Debug|Any CPU.ActiveCfg = Debug|Any CPU
		{BBF2D00B-FB7E-4BE1-891D-CCBD8EA7E2CE}.Debug|Any CPU.Build.0 = Debug|Any CPU
		{BBF2D00B-FB7E-4BE1-891D-CCBD8EA7E2CE}.Release|Any CPU.ActiveCfg = Release|Any CPU
		{BBF2D00B-FB7E-4BE1-891D-CCBD8EA7E2CE}.Release|Any CPU.Build.0 = Release|Any CPU
		{B2ADE848-5995-4C2E-94BC-1B24BDF1148A}.Debug|Any CPU.ActiveCfg = Debug|Any CPU
		{B2ADE848-5995-4C2E-94BC-1B24BDF1148A}.Debug|Any CPU.Build.0 = Debug|Any CPU
		{B2ADE848-5995-4C2E-94BC-1B24BDF1148A}.Release|Any CPU.ActiveCfg = Release|Any CPU
		{B2ADE848-5995-4C2E-94BC-1B24BDF1148A}.Release|Any CPU.Build.0 = Release|Any CPU
		{1EB4E045-7DB8-4AAE-BCDC-882B7D384745}.Debug|Any CPU.ActiveCfg = Debug|Any CPU
		{1EB4E045-7DB8-4AAE-BCDC-882B7D384745}.Debug|Any CPU.Build.0 = Debug|Any CPU
		{1EB4E045-7DB8-4AAE-BCDC-882B7D384745}.Release|Any CPU.ActiveCfg = Release|Any CPU
		{1EB4E045-7DB8-4AAE-BCDC-882B7D384745}.Release|Any CPU.Build.0 = Release|Any CPU
		{48222EFF-F8A3-44A3-9629-1B3EF2A2F909}.Debug|Any CPU.ActiveCfg = Debug|Any CPU
		{48222EFF-F8A3-44A3-9629-1B3EF2A2F909}.Debug|Any CPU.Build.0 = Debug|Any CPU
		{48222EFF-F8A3-44A3-9629-1B3EF2A2F909}.Release|Any CPU.ActiveCfg = Release|Any CPU
		{48222EFF-F8A3-44A3-9629-1B3EF2A2F909}.Release|Any CPU.Build.0 = Release|Any CPU
	EndGlobalSection
	GlobalSection(SolutionProperties) = preSolution
		HideSolutionNode = FALSE
	EndGlobalSection
	GlobalSection(NestedProjects) = preSolution
		{0AA7D137-501D-4A0E-A130-B9244ACFEDD5} = {7C186FD7-D48A-454B-9119-1DD779802D22}
		{C5D92554-7671-4596-A26C-238C6195759D} = {ACA5434B-6120-4411-8EC6-AA8E80CB5974}
		{A7833A66-135D-4F1E-9839-160FE2D2D729} = {2A46DD7D-8B23-479B-8629-36C5B05D99C9}
		{45738927-207E-4239-8F91-97637611C28F} = {ACA5434B-6120-4411-8EC6-AA8E80CB5974}
		{EDC9D2EE-F4FC-4925-9A86-C94BB7DD739A} = {ACA5434B-6120-4411-8EC6-AA8E80CB5974}
		{012FE2E5-848B-4E2B-9925-CEDD60F0A6B6} = {2A46DD7D-8B23-479B-8629-36C5B05D99C9}
		{BBF2D00B-FB7E-4BE1-891D-CCBD8EA7E2CE} = {ACA5434B-6120-4411-8EC6-AA8E80CB5974}
		{B2ADE848-5995-4C2E-94BC-1B24BDF1148A} = {299F1802-70E2-4ECB-A4E4-C543707A4833}
		{1EB4E045-7DB8-4AAE-BCDC-882B7D384745} = {299F1802-70E2-4ECB-A4E4-C543707A4833}
		{48222EFF-F8A3-44A3-9629-1B3EF2A2F909} = {299F1802-70E2-4ECB-A4E4-C543707A4833}
	EndGlobalSection
	GlobalSection(ExtensibilityGlobals) = postSolution
		SolutionGuid = {C0339E31-C05E-40B3-842F-698BD8056728}
	EndGlobalSection
EndGlobal
